
Microsoft Visual Studio Solution File, Format Version 12.00
# Visual Studio Version 17
VisualStudioVersion = 17.13.35806.99 d17.13
MinimumVisualStudioVersion = 10.0.40219.1
Project("{FAE04EC0-301F-11D3-BF4B-00C04F79EFBC}") = "CalculadoraJudia", "CalculadoraJudia\CalculadoraJudia.csproj", "{57D88918-A2D2-4800-B4EB-AB90AFE00CBA}"
EndProject
Global
	GlobalSection(SolutionConfigurationPlatforms) = preSolution
		Debug|Any CPU = Debug|Any CPU
		Release|Any CPU = Release|Any CPU
	EndGlobalSection
	GlobalSection(ProjectConfigurationPlatforms) = postSolution
		{57D88918-A2D2-4800-B4EB-AB90AFE00CBA}.Debug|Any CPU.ActiveCfg = Debug|Any CPU
		{57D88918-A2D2-4800-B4EB-AB90AFE00CBA}.Debug|Any CPU.Build.0 = Debug|Any CPU
		{57D88918-A2D2-4800-B4EB-AB90AFE00CBA}.Release|Any CPU.ActiveCfg = Release|Any CPU
		{57D88918-A2D2-4800-B4EB-AB90AFE00CBA}.Release|Any CPU.Build.0 = Release|Any CPU
	EndGlobalSection
	GlobalSection(SolutionProperties) = preSolution
		HideSolutionNode = FALSE
	EndGlobalSection
	GlobalSection(ExtensibilityGlobals) = postSolution
		SolutionGuid = {F4282279-6E33-4E68-8C9A-81C9EBD1D18E}
	EndGlobalSection
EndGlobal
